
Microsoft Visual Studio Solution File, Format Version 12.00
# Visual Studio Version 17
VisualStudioVersion = 17.9.34728.123
MinimumVisualStudioVersion = 10.0.40219.1
Project("{FAE04EC0-301F-11D3-BF4B-00C04F79EFBC}") = "AP1_P1_SamuelJavier", "AP1_P1_SamuelJavier\AP1_P1_SamuelJavier.csproj", "{ADD12654-DDFE-4732-9606-981FB118F24D}"
EndProject
Global
	GlobalSection(SolutionConfigurationPlatforms) = preSolution
		Debug|Any CPU = Debug|Any CPU
		Release|Any CPU = Release|Any CPU
	EndGlobalSection
	GlobalSection(ProjectConfigurationPlatforms) = postSolution
		{ADD12654-DDFE-4732-9606-981FB118F24D}.Debug|Any CPU.ActiveCfg = Debug|Any CPU
		{ADD12654-DDFE-4732-9606-981FB118F24D}.Debug|Any CPU.Build.0 = Debug|Any CPU
		{ADD12654-DDFE-4732-9606-981FB118F24D}.Release|Any CPU.ActiveCfg = Release|Any CPU
		{ADD12654-DDFE-4732-9606-981FB118F24D}.Release|Any CPU.Build.0 = Release|Any CPU
	EndGlobalSection
	GlobalSection(SolutionProperties) = preSolution
		HideSolutionNode = FALSE
	EndGlobalSection
	GlobalSection(ExtensibilityGlobals) = postSolution
		SolutionGuid = {F104C955-C3F3-4F70-A7B7-5A870836B2D9}
	EndGlobalSection
EndGlobal
